<?xml version="1.0" encoding="UTF-8" standalone="yes" ?>
<CodeBlocks_project_file>
	<FileVersion major="1" minor="6" />
	<Project>
		<Option title="Compiler" />
		<Option pch_mode="2" />
		<Option compiler="gcc" />
		<Build>
			<Target title="Debug">
				<Option output="bin/Debug/Compiler" prefix_auto="1" extension_auto="1" />
				<Option object_output="obj/Debug/" />
				<Option type="1" />
				<Option compiler="gcc" />
				<Compiler>
					<Add option="-g" />
					<Add directory="include" />
				</Compiler>
			</Target>
			<Target title="Release">
				<Option output="bin/Release/Compiler" prefix_auto="1" extension_auto="1" />
				<Option object_output="obj/Release/" />
				<Option type="1" />
				<Option compiler="gcc" />
				<Compiler>
					<Add option="-O2" />
					<Add directory="include" />
				</Compiler>
				<Linker>
					<Add option="-s" />
				</Linker>
			</Target>
		</Build>
		<Compiler>
			<Add option="-Wall" />
			<Add option="-fexceptions" />
		</Compiler>
		<Unit filename="include/ASMGenerator.h" />
		<Unit filename="include/Category.h" />
		<Unit filename="include/ConstTable.h" />
		<Unit filename="include/DAGOptimizer.h" />
		<Unit filename="include/DelimiterTable.h" />
		<Unit filename="include/KeywordTable.h" />
		<Unit filename="include/OPAnalyzer.h" />
		<Unit filename="include/Quadruple.h" />
		<Unit filename="include/QuadrupleTable.h" />
		<Unit filename="include/RDAnalyzer.h" />
		<Unit filename="include/Scanner.h" />
		<Unit filename="include/StateChangeTable.h" />
		<Unit filename="include/SymbolTable.h" />
		<Unit filename="include/Table.h" />
		<Unit filename="include/Token.h" />
		<Unit filename="include/TypeTable.h" />
		<Unit filename="include/Vall.h" />
		<Unit filename="include/utils.h" />
		<Unit filename="src/ASMGenerator.cpp" />
		<Unit filename="src/DAGOptimizer.cpp" />
		<Unit filename="src/DelimiterTable.cpp" />
		<Unit filename="src/KeywordTable.cpp" />
		<Unit filename="src/OPAnalyzer.cpp" />
		<Unit filename="src/RDAnalyzer.cpp" />
		<Unit filename="src/Scanner.cpp" />
		<Unit filename="src/StateChangeTable.cpp" />
		<Unit filename="src/SymbolTable.cpp" />
		<Unit filename="src/Token.cpp" />
		<Unit filename="src/TypeTable.cpp" />
		<Unit filename="src/main.cpp" />
		<Unit filename="src/utils.cpp" />
		<Extensions>
			<code_completion />
			<envvars />
			<debugger />
		</Extensions>
	</Project>
</CodeBlocks_project_file>
